# This file was autogenerated by Stack.
# You should not edit this file by hand.
# For more information, please see the documentation at:
#   https://docs.haskellstack.org/en/stable/lock_files

packages:
- completed:
    hackage: hsexif-0.6.1.8@sha256:8c213fc9a6ab0c959e68e5be736b19cb157739f784e24d63a0824dfb02687d76,2275
    pantry-tree:
      size: 1120
      sha256: 0ce5093c9d5e41218e6fc01efe068213e6b297f27e1abbafc9918f82b660b864
  original:
    hackage: hsexif-0.6.1.8
snapshots:
- completed:
    size: 563099
    url: https://raw.githubusercontent.com/commercialhaskell/stackage-snapshots/master/lts/17/2.yaml
    sha256: 92b1a17e31d0a978fca4bf270305d4d1dd8092271bf60eafbc9349c890854026
  original: lts-17.2
